
Microsoft Visual Studio Solution File, Format Version 12.00
# Visual Studio Version 17
VisualStudioVersion = 17.14.36221.1
MinimumVisualStudioVersion = 10.0.40219.1
Project("{FAE04EC0-301F-11D3-BF4B-00C04F79EFBC}") = "CircleToSearch", "CircleToSearch\CircleToSearch.csproj", "{CFA02B7E-8D7E-4586-BFEB-D249CCF621BA}"
EndProject
Global
	GlobalSection(SolutionConfigurationPlatforms) = preSolution
		Debug|Any CPU = Debug|Any CPU
		Debug|ARM64 = Debug|ARM64
		Debug|x64 = Debug|x64
		Release|Any CPU = Release|Any CPU
		Release|ARM64 = Release|ARM64
		Release|x64 = Release|x64
	EndGlobalSection
	GlobalSection(ProjectConfigurationPlatforms) = postSolution
		{CFA02B7E-8D7E-4586-BFEB-D249CCF621BA}.Debug|Any CPU.ActiveCfg = Debug|Any CPU
		{CFA02B7E-8D7E-4586-BFEB-D249CCF621BA}.Debug|Any CPU.Build.0 = Debug|Any CPU
		{CFA02B7E-8D7E-4586-BFEB-D249CCF621BA}.Debug|ARM64.ActiveCfg = Debug|Any CPU
		{CFA02B7E-8D7E-4586-BFEB-D249CCF621BA}.Debug|ARM64.Build.0 = Debug|Any CPU
		{CFA02B7E-8D7E-4586-BFEB-D249CCF621BA}.Debug|x64.ActiveCfg = Debug|x64
		{CFA02B7E-8D7E-4586-BFEB-D249CCF621BA}.Debug|x64.Build.0 = Debug|x64
		{CFA02B7E-8D7E-4586-BFEB-D249CCF621BA}.Release|Any CPU.ActiveCfg = Release|Any CPU
		{CFA02B7E-8D7E-4586-BFEB-D249CCF621BA}.Release|Any CPU.Build.0 = Release|Any CPU
		{CFA02B7E-8D7E-4586-BFEB-D249CCF621BA}.Release|ARM64.ActiveCfg = Release|Any CPU
		{CFA02B7E-8D7E-4586-BFEB-D249CCF621BA}.Release|ARM64.Build.0 = Release|Any CPU
		{CFA02B7E-8D7E-4586-BFEB-D249CCF621BA}.Release|x64.ActiveCfg = Release|x64
		{CFA02B7E-8D7E-4586-BFEB-D249CCF621BA}.Release|x64.Build.0 = Release|x64
	EndGlobalSection
	GlobalSection(SolutionProperties) = preSolution
		HideSolutionNode = FALSE
	EndGlobalSection
	GlobalSection(ExtensibilityGlobals) = postSolution
		SolutionGuid = {AE57420F-849A-430E-BA0D-7234C47B5EA2}
	EndGlobalSection
EndGlobal
